// !$*UTF8*$!
{
	archiveVersion = 1;
	classes = {
	};
	objectVersion = 46;
	objects = {

/* Begin PBXBuildFile section */
		13791F1C1E4E3D3A00BBA401 /* AppDelegate.swift in Sources */ = {isa = PBXBuildFile; fileRef = 13791F1B1E4E3D3A00BBA401 /* AppDelegate.swift */; };
		13791F1E1E4E3D3A00BBA401 /* ViewController.swift in Sources */ = {isa = PBXBuildFile; fileRef = 13791F1D1E4E3D3A00BBA401 /* ViewController.swift */; };
		13791F211E4E3D3A00BBA401 /* Main.storyboard in Resources */ = {isa = PBXBuildFile; fileRef = 13791F1F1E4E3D3A00BBA401 /* Main.storyboard */; };
		13791F231E4E3D3A00BBA401 /* Assets.xcassets in Resources */ = {isa = PBXBuildFile; fileRef = 13791F221E4E3D3A00BBA401 /* Assets.xcassets */; };
		13791F261E4E3D3A00BBA401 /* LaunchScreen.storyboard in Resources */ = {isa = PBXBuildFile; fileRef = 13791F241E4E3D3A00BBA401 /* LaunchScreen.storyboard */; };
		13791F311E4E3D8200BBA401 /* Parsable.swift in Sources */ = {isa = PBXBuildFile; fileRef = 13791F2E1E4E3D8200BBA401 /* Parsable.swift */; };
		13791F321E4E3D8200BBA401 /* Savable.swift in Sources */ = {isa = PBXBuildFile; fileRef = 13791F2F1E4E3D8200BBA401 /* Savable.swift */; };
		13791F331E4E3D8200BBA401 /* Serializable.swift in Sources */ = {isa = PBXBuildFile; fileRef = 13791F301E4E3D8200BBA401 /* Serializable.swift */; };
		13791F351E4E3DAE00BBA401 /* ParsableOperators.swift in Sources */ = {isa = PBXBuildFile; fileRef = 13791F341E4E3DAE00BBA401 /* ParsableOperators.swift */; };
/* End PBXBuildFile section */

/* Begin PBXFileReference section */
		13791F181E4E3D3A00BBA401 /* Parsable.app */ = {isa = PBXFileReference; explicitFileType = wrapper.application; includeInIndex = 0; path = Parsable.app; sourceTree = BUILT_PRODUCTS_DIR; };
		13791F1B1E4E3D3A00BBA401 /* AppDelegate.swift */ = {isa = PBXFileReference; lastKnownFileType = sourcecode.swift; path = AppDelegate.swift; sourceTree = "<group>"; };
		13791F1D1E4E3D3A00BBA401 /* ViewController.swift */ = {isa = PBXFileReference; lastKnownFileType = sourcecode.swift; path = ViewController.swift; sourceTree = "<group>"; };
		13791F201E4E3D3A00BBA401 /* Base */ = {isa = PBXFileReference; lastKnownFileType = file.storyboard; name = Base; path = Base.lproj/Main.storyboard; sourceTree = "<group>"; };
		13791F221E4E3D3A00BBA401 /* Assets.xcassets */ = {isa = PBXFileReference; lastKnownFileType = folder.assetcatalog; path = Assets.xcassets; sourceTree = "<group>"; };
		13791F251E4E3D3A00BBA401 /* Base */ = {isa = PBXFileReference; lastKnownFileType = file.storyboard; name = Base; path = Base.lproj/LaunchScreen.storyboard; sourceTree = "<group>"; };
		13791F271E4E3D3A00BBA401 /* Info.plist */ = {isa = PBXFileReference; lastKnownFileType = text.plist.xml; path = Info.plist; sourceTree = "<group>"; };
		13791F2E1E4E3D8200BBA401 /* Parsable.swift */ = {isa = PBXFileReference; fileEncoding = 4; lastKnownFileType = sourcecode.swift; name = Parsable.swift; path = ../../Sources/Parsable.swift; sourceTree = "<group>"; };
		13791F2F1E4E3D8200BBA401 /* Savable.swift */ = {isa = PBXFileReference; fileEncoding = 4; lastKnownFileType = sourcecode.swift; name = Savable.swift; path = ../../Sources/Savable.swift; sourceTree = "<group>"; };
		13791F301E4E3D8200BBA401 /* Serializable.swift */ = {isa = PBXFileReference; fileEncoding = 4; lastKnownFileType = sourcecode.swift; name = Serializable.swift; path = ../../Sources/Serializable.swift; sourceTree = "<group>"; };
		13791F341E4E3DAE00BBA401 /* ParsableOperators.swift */ = {isa = PBXFileReference; fileEncoding = 4; lastKnownFileType = sourcecode.swift; name = ParsableOperators.swift; path = ../../Sources/ParsableOperators.swift; sourceTree = "<group>"; };
/* End PBXFileReference section */

/* Begin PBXFrameworksBuildPhase section */
		13791F151E4E3D3A00BBA401 /* Frameworks */ = {
			isa = PBXFrameworksBuildPhase;
			buildActionMask = 2147483647;
			files = (
			);
			runOnlyForDeploymentPostprocessing = 0;
		};
/* End PBXFrameworksBuildPhase section */

/* Begin PBXGroup section */
		13791F0F1E4E3D3A00BBA401 = {
			isa = PBXGroup;
			children = (
				13791F1A1E4E3D3A00BBA401 /* Parsable */,
				13791F2D1E4E3D6A00BBA401 /* System */,
				13791F191E4E3D3A00BBA401 /* Products */,
			);
			sourceTree = "<group>";
		};
		13791F191E4E3D3A00BBA401 /* Products */ = {
			isa = PBXGroup;
			children = (
				13791F181E4E3D3A00BBA401 /* Parsable.app */,
			);
			name = Products;
			sourceTree = "<group>";
		};
		13791F1A1E4E3D3A00BBA401 /* Parsable */ = {
			isa = PBXGroup;
			children = (
				13791F2E1E4E3D8200BBA401 /* Parsable.swift */,
				13791F341E4E3DAE00BBA401 /* ParsableOperators.swift */,
				13791F2F1E4E3D8200BBA401 /* Savable.swift */,
				13791F301E4E3D8200BBA401 /* Serializable.swift */,
			);
			path = Parsable;
			sourceTree = "<group>";
		};
		13791F2D1E4E3D6A00BBA401 /* System */ = {
			isa = PBXGroup;
			children = (
				13791F1B1E4E3D3A00BBA401 /* AppDelegate.swift */,
				13791F1D1E4E3D3A00BBA401 /* ViewController.swift */,
				13791F1F1E4E3D3A00BBA401 /* Main.storyboard */,
				13791F221E4E3D3A00BBA401 /* Assets.xcassets */,
				13791F241E4E3D3A00BBA401 /* LaunchScreen.storyboard */,
				13791F271E4E3D3A00BBA401 /* Info.plist */,
			);
			name = System;
			path = Parsable;
			sourceTree = "<group>";
		};
/* End PBXGroup section */

/* Begin PBXNativeTarget section */
		13791F171E4E3D3A00BBA401 /* Parsable */ = {
			isa = PBXNativeTarget;
			buildConfigurationList = 13791F2A1E4E3D3A00BBA401 /* Build configuration list for PBXNativeTarget "Parsable" */;
			buildPhases = (
				13791F141E4E3D3A00BBA401 /* Sources */,
				13791F151E4E3D3A00BBA401 /* Frameworks */,
				13791F161E4E3D3A00BBA401 /* Resources */,
			);
			buildRules = (
			);
			dependencies = (
			);
			name = Parsable;
			productName = Parsable;
			productReference = 13791F181E4E3D3A00BBA401 /* Parsable.app */;
			productType = "com.apple.product-type.application";
		};
/* End PBXNativeTarget section */

/* Begin PBXProject section */
		13791F101E4E3D3A00BBA401 /* Project object */ = {
			isa = PBXProject;
			attributes = {
				LastSwiftUpdateCheck = 0820;
				LastUpgradeCheck = 0820;
				ORGANIZATIONNAME = "Jo Albright";
				TargetAttributes = {
					13791F171E4E3D3A00BBA401 = {
						CreatedOnToolsVersion = 8.2.1;
						DevelopmentTeam = 965FHW76SM;
						ProvisioningStyle = Automatic;
					};
				};
			};
			buildConfigurationList = 13791F131E4E3D3A00BBA401 /* Build configuration list for PBXProject "Parsable" */;
			compatibilityVersion = "Xcode 3.2";
			developmentRegion = English;
			hasScannedForEncodings = 0;
			knownRegions = (
				en,
				Base,
			);
			mainGroup = 13791F0F1E4E3D3A00BBA401;
			productRefGroup = 13791F191E4E3D3A00BBA401 /* Products */;
			projectDirPath = "";
			projectRoot = "";
			targets = (
				13791F171E4E3D3A00BBA401 /* Parsable */,
			);
		};
/* End PBXProject section */

/* Begin PBXResourcesBuildPhase section */
		13791F161E4E3D3A00BBA401 /* Resources */ = {
			isa = PBXResourcesBuildPhase;
			buildActionMask = 2147483647;
			files = (
				13791F261E4E3D3A00BBA401 /* LaunchScreen.storyboard in Resources */,
				13791F231E4E3D3A00BBA401 /* Assets.xcassets in Resources */,
				13791F211E4E3D3A00BBA401 /* Main.storyboard in Resources */,
			);
			runOnlyForDeploymentPostprocessing = 0;
		};
/* End PBXResourcesBuildPhase section */

/* Begin PBXSourcesBuildPhase section */
		13791F141E4E3D3A00BBA401 /* Sources */ = {
			isa = PBXSourcesBuildPhase;
			buildActionMask = 2147483647;
			files = (
				13791F1E1E4E3D3A00BBA401 /* ViewController.swift in Sources */,
				13791F331E4E3D8200BBA401 /* Serializable.swift in Sources */,
				13791F1C1E4E3D3A00BBA401 /* AppDelegate.swift in Sources */,
				13791F351E4E3DAE00BBA401 /* ParsableOperators.swift in Sources */,
				13791F321E4E3D8200BBA401 /* Savable.swift in Sources */,
				13791F311E4E3D8200BBA401 /* Parsable.swift in Sources */,
			);
			runOnlyForDeploymentPostprocessing = 0;
		};
/* End PBXSourcesBuildPhase section */

/* Begin PBXVariantGroup section */
		13791F1F1E4E3D3A00BBA401 /* Main.storyboard */ = {
			isa = PBXVariantGroup;
			children = (
				13791F201E4E3D3A00BBA401 /* Base */,
			);
			name = Main.storyboard;
			sourceTree = "<group>";
		};
		13791F241E4E3D3A00BBA401 /* LaunchScreen.storyboard */ = {
			isa = PBXVariantGroup;
			children = (
				13791F251E4E3D3A00BBA401 /* Base */,
			);
			name = LaunchScreen.storyboard;
			sourceTree = "<group>";
		};
/* End PBXVariantGroup section */

/* Begin XCBuildConfiguration section */
		13791F281E4E3D3A00BBA401 /* Debug */ = {
			isa = XCBuildConfiguration;
			buildSettings = {
				ALWAYS_SEARCH_USER_PATHS = NO;
				CLANG_ANALYZER_NONNULL = YES;
				CLANG_CXX_LANGUAGE_STANDARD = "gnu++0x";
				CLANG_CXX_LIBRARY = "libc++";
				CLANG_ENABLE_MODULES = YES;
				CLANG_ENABLE_OBJC_ARC = YES;
				CLANG_WARN_BOOL_CONVERSION = YES;
				CLANG_WARN_CONSTANT_CONVERSION = YES;
				CLANG_WARN_DIRECT_OBJC_ISA_USAGE = YES_ERROR;
				CLANG_WARN_DOCUMENTATION_COMMENTS = YES;
				CLANG_WARN_EMPTY_BODY = YES;
				CLANG_WARN_ENUM_CONVERSION = YES;
				CLANG_WARN_INFINITE_RECURSION = YES;
				CLANG_WARN_INT_CONVERSION = YES;
				CLANG_WARN_OBJC_ROOT_CLASS = YES_ERROR;
				CLANG_WARN_SUSPICIOUS_MOVE = YES;
				CLANG_WARN_UNREACHABLE_CODE = YES;
				CLANG_WARN__DUPLICATE_METHOD_MATCH = YES;
				"CODE_SIGN_IDENTITY[sdk=iphoneos*]" = "iPhone Developer";
				COPY_PHASE_STRIP = NO;
				DEBUG_INFORMATION_FORMAT = dwarf;
				ENABLE_STRICT_OBJC_MSGSEND = YES;
				ENABLE_TESTABILITY = YES;
				GCC_C_LANGUAGE_STANDARD = gnu99;
				GCC_DYNAMIC_NO_PIC = NO;
				GCC_NO_COMMON_BLOCKS = YES;
				GCC_OPTIMIZATION_LEVEL = 0;
				GCC_PREPROCESSOR_DEFINITIONS = (
					"DEBUG=1",
					"$(inherited)",
				);
				GCC_WARN_64_TO_32_BIT_CONVERSION = YES;
				GCC_WARN_ABOUT_RETURN_TYPE = YES_ERROR;
				GCC_WARN_UNDECLARED_SELECTOR = YES;
				GCC_WARN_UNINITIALIZED_AUTOS = YES_AGGRESSIVE;
				GCC_WARN_UNUSED_FUNCTION = YES;
				GCC_WARN_UNUSED_VARIABLE = YES;
				IPHONEOS_DEPLOYMENT_TARGET = 10.2;
				MTL_ENABLE_DEBUG_INFO = YES;
				ONLY_ACTIVE_ARCH = YES;
				SDKROOT = iphoneos;
				SWIFT_ACTIVE_COMPILATION_CONDITIONS = DEBUG;
				SWIFT_OPTIMIZATION_LEVEL = "-Onone";
			};
			name = Debug;
		};
		13791F291E4E3D3A00BBA401 /* Release */ = {
			isa = XCBuildConfiguration;
			buildSettings = {
				ALWAYS_SEARCH_USER_PATHS = NO;
				CLANG_ANALYZER_NONNULL = YES;
				CLANG_CXX_LANGUAGE_STANDARD = "gnu++0x";
				CLANG_CXX_LIBRARY = "libc++";
				CLANG_ENABLE_MODULES = YES;
				CLANG_ENABLE_OBJC_ARC = YES;
				CLANG_WARN_BOOL_CONVERSION = YES;
				CLANG_WARN_CONSTANT_CONVERSION = YES;
				CLANG_WARN_DIRECT_OBJC_ISA_USAGE = YES_ERROR;
				CLANG_WARN_DOCUMENTATION_COMMENTS = YES;
				CLANG_WARN_EMPTY_BODY = YES;
				CLANG_WARN_ENUM_CONVERSION = YES;
				CLANG_WARN_INFINITE_RECURSION = YES;
				CLANG_WARN_INT_CONVERSION = YES;
				CLANG_WARN_OBJC_ROOT_CLASS = YES_ERROR;
				CLANG_WARN_SUSPICIOUS_MOVE = YES;
				CLANG_WARN_UNREACHABLE_CODE = YES;
				CLANG_WARN__DUPLICATE_METHOD_MATCH = YES;
				"CODE_SIGN_IDENTITY[sdk=iphoneos*]" = "iPhone Developer";
				COPY_PHASE_STRIP = NO;
				DEBUG_INFORMATION_FORMAT = "dwarf-with-dsym";
				ENABLE_NS_ASSERTIONS = NO;
				ENABLE_STRICT_OBJC_MSGSEND = YES;
				GCC_C_LANGUAGE_STANDARD = gnu99;
				GCC_NO_COMMON_BLOCKS = YES;
				GCC_WARN_64_TO_32_BIT_CONVERSION = YES;
				GCC_WARN_ABOUT_RETURN_TYPE = YES_ERROR;
				GCC_WARN_UNDECLARED_SELECTOR = YES;
				GCC_WARN_UNINITIALIZED_AUTOS = YES_AGGRESSIVE;
				GCC_WARN_UNUSED_FUNCTION = YES;
				GCC_WARN_UNUSED_VARIABLE = YES;
				IPHONEOS_DEPLOYMENT_TARGET = 10.2;
				MTL_ENABLE_DEBUG_INFO = NO;
				SDKROOT = iphoneos;
				SWIFT_OPTIMIZATION_LEVEL = "-Owholemodule";
				VALIDATE_PRODUCT = YES;
			};
			name = Release;
		};
		13791F2B1E4E3D3A00BBA401 /* Debug */ = {
			isa = XCBuildConfiguration;
			buildSettings = {
				ASSETCATALOG_COMPILER_APPICON_NAME = AppIcon;
				DEVELOPMENT_TEAM = 965FHW76SM;
				INFOPLIST_FILE = Parsable/Info.plist;
				LD_RUNPATH_SEARCH_PATHS = "$(inherited) @executable_path/Frameworks";
				PRODUCT_BUNDLE_IDENTIFIER = co.jo2.Parsable;
				PRODUCT_NAME = "$(TARGET_NAME)";
				SWIFT_VERSION = 3.0;
			};
			name = Debug;
		};
		13791F2C1E4E3D3A00BBA401 /* Release */ = {
			isa = XCBuildConfiguration;
			buildSettings = {
				ASSETCATALOG_COMPILER_APPICON_NAME = AppIcon;
				DEVELOPMENT_TEAM = 965FHW76SM;
				INFOPLIST_FILE = Parsable/Info.plist;
				LD_RUNPATH_SEARCH_PATHS = "$(inherited) @executable_path/Frameworks";
				PRODUCT_BUNDLE_IDENTIFIER = co.jo2.Parsable;
				PRODUCT_NAME = "$(TARGET_NAME)";
				SWIFT_VERSION = 3.0;
			};
			name = Release;
		};
/* End XCBuildConfiguration section */

/* Begin XCConfigurationList section */
		13791F131E4E3D3A00BBA401 /* Build configuration list for PBXProject "Parsable" */ = {
			isa = XCConfigurationList;
			buildConfigurations = (
				13791F281E4E3D3A00BBA401 /* Debug */,
				13791F291E4E3D3A00BBA401 /* Release */,
			);
			defaultConfigurationIsVisible = 0;
			defaultConfigurationName = Release;
		};
		13791F2A1E4E3D3A00BBA401 /* Build configuration list for PBXNativeTarget "Parsable" */ = {
			isa = XCConfigurationList;
			buildConfigurations = (
				13791F2B1E4E3D3A00BBA401 /* Debug */,
				13791F2C1E4E3D3A00BBA401 /* Release */,
			);
			defaultConfigurationIsVisible = 0;
			defaultConfigurationName = Release;
		};
/* End XCConfigurationList section */
	};
	rootObject = 13791F101E4E3D3A00BBA401 /* Project object */;
}
